
Microsoft Visual Studio Solution File, Format Version 12.00
# Visual Studio Version 17
VisualStudioVersion = 17.9.34622.214
MinimumVisualStudioVersion = 10.0.40219.1
Project("{FAE04EC0-301F-11D3-BF4B-00C04F79EFBC}") = "benson-logan-a2", "benson-logan-a2\benson-logan-a2.csproj", "{D4E1E612-66F3-4631-B7F1-3343855C02C1}"
EndProject
Global
	GlobalSection(SolutionConfigurationPlatforms) = preSolution
		Debug|Any CPU = Debug|Any CPU
		Release|Any CPU = Release|Any CPU
	EndGlobalSection
	GlobalSection(ProjectConfigurationPlatforms) = postSolution
		{D4E1E612-66F3-4631-B7F1-3343855C02C1}.Debug|Any CPU.ActiveCfg = Debug|Any CPU
		{D4E1E612-66F3-4631-B7F1-3343855C02C1}.Debug|Any CPU.Build.0 = Debug|Any CPU
		{D4E1E612-66F3-4631-B7F1-3343855C02C1}.Release|Any CPU.ActiveCfg = Release|Any CPU
		{D4E1E612-66F3-4631-B7F1-3343855C02C1}.Release|Any CPU.Build.0 = Release|Any CPU
	EndGlobalSection
	GlobalSection(SolutionProperties) = preSolution
		HideSolutionNode = FALSE
	EndGlobalSection
	GlobalSection(ExtensibilityGlobals) = postSolution
		SolutionGuid = {FDBB4025-BEB7-46C4-BC6B-817A36357663}
	EndGlobalSection
EndGlobal
